<?xml version="1.0" encoding="utf-8"?>
<Project ToolsVersion="4.0" xmlns="http://schemas.microsoft.com/developer/msbuild/2003">
  <ItemGroup>
    <Filter Include="Engine">
      <UniqueIdentifier>{b4ac3a04-5dac-4274-8bb7-8b025f4e41b6}</UniqueIdentifier>
    </Filter>
    <Filter Include="Engine\Core">
      <UniqueIdentifier>{d3acff51-594c-478c-a8fd-0fd49f1126c7}</UniqueIdentifier>
    </Filter>
    <Filter Include="Engine\Framework">
      <UniqueIdentifier>{ae5875c5-f6d1-47b3-bd20-e3ab6402fe9f}</UniqueIdentifier>
    </Filter>
    <Filter Include="Engine\Framework\Component">
      <UniqueIdentifier>{f93ce2b4-564a-430c-8a39-e4a497bb3ded}</UniqueIdentifier>
    </Filter>
    <Filter Include="Game">
      <UniqueIdentifier>{6799f50a-ca13-4103-b1b6-0056db966497}</UniqueIdentifier>
    </Filter>
    <Filter Include="Game\Common">
      <UniqueIdentifier>{9ccc10d0-6cda-46f6-988b-5ca50b9ef3c1}</UniqueIdentifier>
    </Filter>
    <Filter Include="Game\Effect">
      <UniqueIdentifier>{4ea48fee-d76d-4722-98e1-eb6629360600}</UniqueIdentifier>
    </Filter>
    <Filter Include="Game\Enemy">
      <UniqueIdentifier>{7a732a9e-0e44-4721-8aa0-f78eb4e72595}</UniqueIdentifier>
    </Filter>
    <Filter Include="Game\GuardAttack">
      <UniqueIdentifier>{daeefa58-675f-41b6-a04c-3b88c45f2014}</UniqueIdentifier>
    </Filter>
    <Filter Include="Game\Manager">
      <UniqueIdentifier>{722612e7-e3f3-4919-b25f-a4b910646128}</UniqueIdentifier>
    </Filter>
    <Filter Include="Game\Player">
      <UniqueIdentifier>{a11e2ef3-6882-472c-a7f3-27192f1d66d0}</UniqueIdentifier>
    </Filter>
    <Filter Include="Game\UI">
      <UniqueIdentifier>{5dfbd6e1-6dd9-4ee5-8b03-f5b587852d4f}</UniqueIdentifier>
    </Filter>
    <Filter Include="Header Files">
      <UniqueIdentifier>{3f2a8738-3f40-43a9-8705-26b1298e916e}</UniqueIdentifier>
      <Extensions>h;hh;hpp;hxx;h++;hm;inl;inc;ipp;xsd</Extensions>
    </Filter>
    <Filter Include="Service">
      <UniqueIdentifier>{5b8bfcb8-8c69-4d9d-890e-2fef7be1b7e7}</UniqueIdentifier>
    </Filter>
    <Filter Include="Source Files">
      <UniqueIdentifier>{42a22e31-ae05-418e-b7ac-c08599ed3616}</UniqueIdentifier>
      <Extensions>cpp;c;cc;cxx;c++;cppm;ixx;def;odl;idl;hpj;bat;asm;asmx</Extensions>
    </Filter>
    <Filter Include="Util">
      <UniqueIdentifier>{e96e765b-ba6a-4fef-8df5-d0cf6b1044cf}</UniqueIdentifier>
    </Filter>
  </ItemGroup>
  <ItemGroup>
    <ClCompile Include="aria.cpp">
      <Filter>Source Files</Filter>
    </ClCompile>
    <ClCompile Include="characterAnimation.cpp">
      <Filter>Source Files</Filter>
    </ClCompile>
    <ClCompile Include="Game\UI\HealthBarObject.cpp">
      <Filter>Game\UI</Filter>
    </ClCompile>
    <ClCompile Include="Game\UI\HealthBarObserver.cpp">
      <Filter>Game\UI</Filter>
    </ClCompile>
    <ClCompile Include="Game\Effect\RhythmEffectController.cpp">
      <Filter>Game\Effect</Filter>
    </ClCompile>
    <ClCompile Include="Game\Effect\RhythmEffectObject.cpp">
      <Filter>Game\Effect</Filter>
    </ClCompile>
    <ClCompile Include="Game\Enemy\RhythmEnemyController.cpp">
      <Filter>Game\Enemy</Filter>
    </ClCompile>
    <ClCompile Include="Game\Enemy\RhythmEnemyObject.cpp">
      <Filter>Game\Enemy</Filter>
    </ClCompile>
    <ClCompile Include="Game\Manager\RhythmGameManager.cpp">
      <Filter>Game\Manager</Filter>
    </ClCompile>
    <ClCompile Include="Game\Manager\RhythmGameManagerObject.cpp">
      <Filter>Game\Manager</Filter>
    </ClCompile>
    <ClCompile Include="Game\Manager\RhythmGameStates.cpp">
      <Filter>Game\Manager</Filter>
    </ClCompile>
    <ClCompile Include="Game\GuardAttack\RhythmGuardAttackController.cpp">
      <Filter>Game\GuardAttack</Filter>
    </ClCompile>
    <ClCompile Include="Game\GuardAttack\RhythmGuardAttackObject.cpp">
      <Filter>Game\GuardAttack</Filter>
    </ClCompile>
    <ClCompile Include="Game\Player\PlayerActionHitboxScript.cpp">
      <Filter>Game\Player</Filter>
    </ClCompile>
    <ClCompile Include="Game\Common\RhythmTypes.cpp">
      <Filter>Game\Common</Filter>
    </ClCompile>
    <ClCompile Include="Game\UI\UiBoxObject.cpp">
      <Filter>Game\UI</Filter>
    </ClCompile>
    <ClCompile Include="Game\UI\UiTextObject.cpp">
      <Filter>Game\UI</Filter>
    </ClCompile>
    <ClCompile Include="gungwoo.cpp">
      <Filter>Source Files</Filter>
    </ClCompile>
    <ClCompile Include="impl\CodeEdit.cpp">
      <Filter>Service</Filter>
    </ClCompile>
    <ClCompile Include="impl\Core\D2DRenderer.cpp">
      <Filter>Engine\Core</Filter>
    </ClCompile>
    <ClCompile Include="impl\Core\DDANZIT.cpp">
      <Filter>Engine\Core</Filter>
    </ClCompile>
    <ClCompile Include="impl\Core\DDANZIT_Core.cpp">
      <Filter>Engine\Core</Filter>
    </ClCompile>
    <ClCompile Include="impl\Core\GameObjectDesciptor.cpp">
      <Filter>Engine\Core</Filter>
    </ClCompile>
    <ClCompile Include="impl\Core\Hierarchy.cpp">
      <Filter>Engine\Core</Filter>
    </ClCompile>
    <ClCompile Include="impl\Core\IDrawable.cpp">
      <Filter>Engine\Core</Filter>
    </ClCompile>
    <ClCompile Include="impl\Core\Lifecycle.cpp">
      <Filter>Engine\Core</Filter>
    </ClCompile>
    <ClCompile Include="impl\Framework\Application.cpp">
      <Filter>Engine\Framework</Filter>
    </ClCompile>
    <ClCompile Include="impl\Framework\Component.cpp">
      <Filter>Engine\Framework</Filter>
    </ClCompile>
    <ClCompile Include="impl\Framework\Component\BoxCollider2D.cpp">
      <Filter>Engine\Framework\Component</Filter>
    </ClCompile>
    <ClCompile Include="impl\Framework\Component\Camera.cpp">
      <Filter>Engine\Framework\Component</Filter>
    </ClCompile>
    <ClCompile Include="impl\Framework\Component\CircleCollider2D.cpp">
      <Filter>Engine\Framework\Component</Filter>
    </ClCompile>
    <ClCompile Include="impl\Framework\Component\Collider2D.cpp">
      <Filter>Engine\Framework\Component</Filter>
    </ClCompile>
    <ClCompile Include="impl\Framework\Component\Collision2D.cpp">
      <Filter>Engine\Framework\Component</Filter>
    </ClCompile>
    <ClCompile Include="impl\Framework\Component\Rigidbody2D.cpp">
      <Filter>Engine\Framework\Component</Filter>
    </ClCompile>
    <ClCompile Include="impl\Framework\Component\SpriteRenderer.cpp">
      <Filter>Engine\Framework\Component</Filter>
    </ClCompile>
    <ClCompile Include="impl\Framework\Component\Transform.cpp">
      <Filter>Engine\Framework\Component</Filter>
    </ClCompile>
    <ClCompile Include="impl\Framework\Debug.cpp">
      <Filter>Engine\Framework</Filter>
    </ClCompile>
    <ClCompile Include="impl\Framework\Draw2D.cpp">
      <Filter>Engine\Framework</Filter>
    </ClCompile>
    <ClCompile Include="impl\Framework\GameObject.cpp">
      <Filter>Engine\Framework</Filter>
    </ClCompile>
    <ClCompile Include="impl\Framework\Input.cpp">
      <Filter>Engine\Framework</Filter>
    </ClCompile>
    <ClCompile Include="impl\Framework\MonoBehavior.cpp">
      <Filter>Engine\Framework</Filter>
    </ClCompile>
    <ClCompile Include="impl\Framework\Scene.cpp">
      <Filter>Engine\Framework</Filter>
    </ClCompile>
    <ClCompile Include="impl\Framework\SceneManager.cpp">
      <Filter>Engine\Framework</Filter>
    </ClCompile>
    <ClCompile Include="impl\Framework\GameTime.cpp">
      <Filter>Engine\Framework</Filter>
    </ClCompile>
    <ClCompile Include="Main.cpp">
      <Filter>Source Files</Filter>
    </ClCompile>
    <ClCompile Include="Player.cpp">
      <Filter>Source Files</Filter>
    </ClCompile>
    <ClCompile Include="suna.cpp">
      <Filter>Source Files</Filter>
    </ClCompile>
    <ClCompile Include="Text.cpp">
      <Filter>Source Files</Filter>
    </ClCompile>
    <ClCompile Include="Util\GameTimer.cpp">
      <Filter>Util</Filter>
    </ClCompile>
    <ClCompile Include="Util\RenderHelp.cpp">
      <Filter>Util</Filter>
    </ClCompile>
    <ClCompile Include="Util\Utillity.cpp">
      <Filter>Util</Filter>
    </ClCompile>
    <ClCompile Include="BeatMediaControl.cpp">
      <Filter>Service</Filter>
    </ClCompile>
  </ItemGroup>
  <ItemGroup>
    <ClInclude Include="aria.h">
      <Filter>Header Files</Filter>
    </ClInclude>
    <ClInclude Include="characterAnimation.h">
      <Filter>Header Files</Filter>
    </ClInclude>
    <ClInclude Include="Game\UI\HealthBarObject.h">
      <Filter>Game\UI</Filter>
    </ClInclude>
    <ClInclude Include="Game\UI\HealthBarObserver.h">
      <Filter>Game\UI</Filter>
    </ClInclude>
    <ClInclude Include="Game\Effect\RhythmEffectController.h">
      <Filter>Game\Effect</Filter>
    </ClInclude>
    <ClInclude Include="Game\Effect\RhythmEffectObject.h">
      <Filter>Game\Effect</Filter>
    </ClInclude>
    <ClInclude Include="Game\Enemy\RhythmEnemyController.h">
      <Filter>Game\Enemy</Filter>
    </ClInclude>
    <ClInclude Include="Game\Enemy\RhythmEnemyObject.h">
      <Filter>Game\Enemy</Filter>
    </ClInclude>
    <ClInclude Include="Game\Manager\RhythmGameManager.h">
      <Filter>Game\Manager</Filter>
    </ClInclude>
    <ClInclude Include="Game\Manager\RhythmGameManagerObject.h">
      <Filter>Game\Manager</Filter>
    </ClInclude>
    <ClInclude Include="Game\Manager\RhythmGameStates.h">
      <Filter>Game\Manager</Filter>
    </ClInclude>
    <ClInclude Include="Game\GuardAttack\RhythmGuardAttackController.h">
      <Filter>Game\GuardAttack</Filter>
    </ClInclude>
    <ClInclude Include="Game\GuardAttack\RhythmGuardAttackObject.h">
      <Filter>Game\GuardAttack</Filter>
    </ClInclude>
    <ClInclude Include="Game\Player\PlayerActionHitboxScript.h">
      <Filter>Game\Player</Filter>
    </ClInclude>
    <ClInclude Include="Game\Common\RhythmTypes.h">
      <Filter>Game\Common</Filter>
    </ClInclude>
    <ClInclude Include="Game\Common\StateMachine.h">
      <Filter>Game\Common</Filter>
    </ClInclude>
    <ClInclude Include="Game\UI\UiBoxObject.h">
      <Filter>Game\UI</Filter>
    </ClInclude>
    <ClInclude Include="Game\UI\UiTextObject.h">
      <Filter>Game\UI</Filter>
    </ClInclude>
    <ClInclude Include="gungwoo.h">
      <Filter>Header Files</Filter>
    </ClInclude>
    <ClInclude Include="header\Core\D2DRenderer.h">
      <Filter>Engine\Core</Filter>
    </ClInclude>
    <ClInclude Include="header\Core\DDANZIT_Core.h">
      <Filter>Engine\Core</Filter>
    </ClInclude>
    <ClInclude Include="header\Core\GameObjectDesciptor.h">
      <Filter>Engine\Core</Filter>
    </ClInclude>
    <ClInclude Include="header\Core\Hierarchy.h">
      <Filter>Engine\Core</Filter>
    </ClInclude>
    <ClInclude Include="header\Core\IDrawable.h">
      <Filter>Engine\Core</Filter>
    </ClInclude>
    <ClInclude Include="header\Core\IRenderer.h">
      <Filter>Engine\Core</Filter>
    </ClInclude>
    <ClInclude Include="header\Core\Lifecycle.h">
      <Filter>Engine\Core</Filter>
    </ClInclude>
    <ClInclude Include="header\Core\template\Engine_impl.h">
      <Filter>Engine\Core</Filter>
    </ClInclude>
    <ClInclude Include="header\Framework\Application.h">
      <Filter>Engine\Framework</Filter>
    </ClInclude>
    <ClInclude Include="header\Framework\Component.h">
      <Filter>Engine\Framework</Filter>
    </ClInclude>
    <ClInclude Include="header\Framework\Component\Camera.h">
      <Filter>Engine\Framework\Component</Filter>
    </ClInclude>
    <ClInclude Include="header\Framework\Component\Collider2D.h">
      <Filter>Engine\Framework\Component</Filter>
    </ClInclude>
    <ClInclude Include="header\Framework\Component\Collision2D.h">
      <Filter>Engine\Framework\Component</Filter>
    </ClInclude>
    <ClInclude Include="header\Framework\Component\Rigidbody2D.h">
      <Filter>Engine\Framework\Component</Filter>
    </ClInclude>
    <ClInclude Include="header\Framework\Component\SpriteRenderer.h">
      <Filter>Engine\Framework\Component</Filter>
    </ClInclude>
    <ClInclude Include="header\Framework\Component\Transform.h">
      <Filter>Engine\Framework\Component</Filter>
    </ClInclude>
    <ClInclude Include="header\Framework\Debug.h">
      <Filter>Engine\Framework</Filter>
    </ClInclude>
    <ClInclude Include="header\Framework\Draw2D.h">
      <Filter>Engine\Framework</Filter>
    </ClInclude>
    <ClInclude Include="header\Framework\GameObject.h">
      <Filter>Engine\Framework</Filter>
    </ClInclude>
    <ClInclude Include="header\Framework\Input.h">
      <Filter>Engine\Framework</Filter>
    </ClInclude>
    <ClInclude Include="header\Framework\MonoBehavior.h">
      <Filter>Engine\Framework</Filter>
    </ClInclude>
    <ClInclude Include="header\Framework\Scene.h">
      <Filter>Engine\Framework</Filter>
    </ClInclude>
    <ClInclude Include="header\Framework\SceneManager.h">
      <Filter>Engine\Framework</Filter>
    </ClInclude>
    <ClInclude Include="header\Framework\GameTime.h">
      <Filter>Engine\Framework</Filter>
    </ClInclude>
    <ClInclude Include="Player.h">
      <Filter>Header Files</Filter>
    </ClInclude>
    <ClInclude Include="ResourceFilePath.h">
      <Filter>Header Files</Filter>
    </ClInclude>
    <ClInclude Include="Service\CodeEdit.h">
      <Filter>Service</Filter>
    </ClInclude>
    <ClInclude Include="Service\DDANZIT.h">
      <Filter>Service</Filter>
    </ClInclude>
    <ClInclude Include="Service\DDANZITEngine.h">
      <Filter>Service</Filter>
    </ClInclude>
    <ClInclude Include="Service\DefineOption.h">
      <Filter>Service</Filter>
    </ClInclude>
    <ClInclude Include="Service\SceneManagement.h">
      <Filter>Service</Filter>
    </ClInclude>
    <ClInclude Include="suna.h">
      <Filter>Header Files</Filter>
    </ClInclude>
    <ClInclude Include="Text.h">
      <Filter>Header Files</Filter>
    </ClInclude>
    <ClInclude Include="Util\Color.h">
      <Filter>Util</Filter>
    </ClInclude>
    <ClInclude Include="Util\GameTimer.h">
      <Filter>Util</Filter>
    </ClInclude>
    <ClInclude Include="Util\INC_Windows.h">
      <Filter>Util</Filter>
    </ClInclude>
    <ClInclude Include="Util\RenderHelp.h">
      <Filter>Util</Filter>
    </ClInclude>
    <ClInclude Include="Util\Utillity.h">
      <Filter>Util</Filter>
    </ClInclude>
    <ClInclude Include="BeatMediaControl.h">
      <Filter>Service</Filter>
    </ClInclude>
  </ItemGroup>
</Project>
