<?xml version="1.0" encoding="utf-8"?>
<Project ToolsVersion="4.0" xmlns="http://schemas.microsoft.com/developer/msbuild/2003">
  <ItemGroup>
    <Filter Include="소스 파일">
      <UniqueIdentifier>{4FC737F1-C7A5-4376-A066-2A32D752A2FF}</UniqueIdentifier>
      <Extensions>cpp;c;cc;cxx;c++;cppm;ixx;def;odl;idl;hpj;bat;asm;asmx</Extensions>
    </Filter>
    <Filter Include="헤더 파일">
      <UniqueIdentifier>{93995380-89BD-4b04-88EB-625FBE52EBFB}</UniqueIdentifier>
      <Extensions>h;hh;hpp;hxx;h++;hm;inl;inc;ipp;xsd</Extensions>
    </Filter>
    <Filter Include="리소스 파일">
      <UniqueIdentifier>{67DA6AB6-F800-4c08-8B7A-83BB121AAD01}</UniqueIdentifier>
      <Extensions>rc;ico;cur;bmp;dlg;rc2;rct;bin;rgs;gif;jpg;jpeg;jpe;resx;tiff;tif;png;wav;mfcribbon-ms</Extensions>
    </Filter>
    <Filter Include="소스 파일\사용해보기">
      <UniqueIdentifier>{92a78153-c504-49d2-af32-901cdb3fd62b}</UniqueIdentifier>
    </Filter>
    <Filter Include="소스 파일\Core">
      <UniqueIdentifier>{40584d3b-5cdc-46c3-afd1-86acf388a410}</UniqueIdentifier>
    </Filter>
    <Filter Include="헤더 파일\Core">
      <UniqueIdentifier>{482c1ae4-98d9-4630-81b0-3ae5cd67d47e}</UniqueIdentifier>
    </Filter>
    <Filter Include="소스 파일\Util">
      <UniqueIdentifier>{e31101a2-cc73-4d64-a326-27dfc339e043}</UniqueIdentifier>
    </Filter>
    <Filter Include="헤더 파일\Util">
      <UniqueIdentifier>{f6949aaa-6811-48ae-bd3c-d8b331d78a6b}</UniqueIdentifier>
    </Filter>
    <Filter Include="헤더 파일\DDANZIT">
      <UniqueIdentifier>{db462ead-7f1a-4c8f-a4fe-7a8f52947a59}</UniqueIdentifier>
    </Filter>
    <Filter Include="소스 파일\DDANZIT">
      <UniqueIdentifier>{9e320377-1461-4863-a5e5-830995a7f2f2}</UniqueIdentifier>
    </Filter>
  </ItemGroup>
  <ItemGroup>
    <ClCompile Include="MngObject.cpp">
      <Filter>소스 파일\사용해보기</Filter>
    </ClCompile>
    <ClCompile Include="NewObject.cpp">
      <Filter>소스 파일\사용해보기</Filter>
    </ClCompile>
    <ClCompile Include="NewVisual.cpp">
      <Filter>소스 파일\사용해보기</Filter>
    </ClCompile>
    <ClCompile Include="Main.cpp">
      <Filter>소스 파일\사용해보기</Filter>
    </ClCompile>
    <ClCompile Include="Core\Component.cpp">
      <Filter>소스 파일\Core</Filter>
    </ClCompile>
    <ClCompile Include="Core\Game.cpp">
      <Filter>소스 파일\Core</Filter>
    </ClCompile>
    <ClCompile Include="Core\IDrawable.cpp">
      <Filter>소스 파일\Core</Filter>
    </ClCompile>
    <ClCompile Include="Core\MyGameObject.cpp">
      <Filter>소스 파일\Core</Filter>
    </ClCompile>
    <ClCompile Include="Core\NzWndBase.cpp">
      <Filter>소스 파일\Core</Filter>
    </ClCompile>
    <ClCompile Include="Core\Transform.cpp">
      <Filter>소스 파일\Core</Filter>
    </ClCompile>
    <ClCompile Include="Util\GameTimer.cpp">
      <Filter>소스 파일\Util</Filter>
    </ClCompile>
    <ClCompile Include="Util\RenderHelp.cpp">
      <Filter>소스 파일\Util</Filter>
    </ClCompile>
    <ClCompile Include="Util\Utillity.cpp">
      <Filter>소스 파일\Util</Filter>
    </ClCompile>
    <ClCompile Include="DDANZIT.cpp">
      <Filter>소스 파일\DDANZIT</Filter>
    </ClCompile>
    <ClCompile Include="GameObject.cpp">
      <Filter>소스 파일\DDANZIT</Filter>
    </ClCompile>
    <ClCompile Include="ObjectData.cpp">
      <Filter>소스 파일\DDANZIT</Filter>
    </ClCompile>
    <ClCompile Include="ObjectLogic.cpp">
      <Filter>소스 파일\DDANZIT</Filter>
    </ClCompile>
    <ClCompile Include="ObjectVisual.cpp">
      <Filter>소스 파일\DDANZIT</Filter>
    </ClCompile>
    <ClCompile Include="Pipeline.cpp">
      <Filter>소스 파일\DDANZIT</Filter>
    </ClCompile>
  </ItemGroup>
  <ItemGroup>
    <ClInclude Include="Core\Game.h">
      <Filter>헤더 파일\Core</Filter>
    </ClInclude>
    <ClInclude Include="Core\Component.h">
      <Filter>헤더 파일\Core</Filter>
    </ClInclude>
    <ClInclude Include="Core\IDrawable.h">
      <Filter>헤더 파일\Core</Filter>
    </ClInclude>
    <ClInclude Include="Core\MyGameObject.h">
      <Filter>헤더 파일\Core</Filter>
    </ClInclude>
    <ClInclude Include="Core\NzWndBase.h">
      <Filter>헤더 파일\Core</Filter>
    </ClInclude>
    <ClInclude Include="Core\Transform.h">
      <Filter>헤더 파일\Core</Filter>
    </ClInclude>
    <ClInclude Include="Util\Utillity.h">
      <Filter>헤더 파일\Util</Filter>
    </ClInclude>
    <ClInclude Include="Util\RenderHelp.h">
      <Filter>헤더 파일\Util</Filter>
    </ClInclude>
    <ClInclude Include="Util\INC_Windows.h">
      <Filter>헤더 파일\Util</Filter>
    </ClInclude>
    <ClInclude Include="Util\GameTimer.h">
      <Filter>헤더 파일\Util</Filter>
    </ClInclude>
    <ClInclude Include="DDANZIT.h">
      <Filter>헤더 파일\DDANZIT</Filter>
    </ClInclude>
    <ClInclude Include="GameObject.h">
      <Filter>헤더 파일\DDANZIT</Filter>
    </ClInclude>
    <ClInclude Include="ObjectData.h">
      <Filter>헤더 파일\DDANZIT</Filter>
    </ClInclude>
    <ClInclude Include="ObjectLogic.h">
      <Filter>헤더 파일\DDANZIT</Filter>
    </ClInclude>
    <ClInclude Include="ObjectVisual.h">
      <Filter>헤더 파일\DDANZIT</Filter>
    </ClInclude>
    <ClInclude Include="Pipeline.h">
      <Filter>헤더 파일\DDANZIT</Filter>
    </ClInclude>
  </ItemGroup>
</Project>